
Microsoft Visual Studio Solution File, Format Version 12.00
Project("{FAE04EC0-301F-11D3-BF4B-00C04F79EFBC}") = "FarmGuard-Backend", "FarmGuard-Backend\FarmGuard-Backend.csproj", "{48FE00D8-C526-48B1-9C41-9A2EFB84B464}"
EndProject
Global
	GlobalSection(SolutionConfigurationPlatforms) = preSolution
		Debug|Any CPU = Debug|Any CPU
		Release|Any CPU = Release|Any CPU
	EndGlobalSection
	GlobalSection(ProjectConfigurationPlatforms) = postSolution
		{48FE00D8-C526-48B1-9C41-9A2EFB84B464}.Debug|Any CPU.ActiveCfg = Debug|Any CPU
		{48FE00D8-C526-48B1-9C41-9A2EFB84B464}.Debug|Any CPU.Build.0 = Debug|Any CPU
		{48FE00D8-C526-48B1-9C41-9A2EFB84B464}.Release|Any CPU.ActiveCfg = Release|Any CPU
		{48FE00D8-C526-48B1-9C41-9A2EFB84B464}.Release|Any CPU.Build.0 = Release|Any CPU
	EndGlobalSection
EndGlobal
